{
  "name": "try-salsa20",
  "version": "1.0.0",
  "lockfileVersion": 1,
  "requires": true,
  "dependencies": {
    "js-salsa20": {
      "version": "1.0.0",
      "resolved": "https://registry.npmjs.org/js-salsa20/-/js-salsa20-1.0.0.tgz",
      "integrity": "sha1-p90ISdtLV0pI7VWVaUBKmSztZM4="
    },
    "text-encoding": {
      "version": "0.7.0",
      "resolved": "https://registry.npmjs.org/text-encoding/-/text-encoding-0.7.0.tgz",
      "integrity": "sha512-oJQ3f1hrOnbRLOcwKz0Liq2IcrvDeZRHXhd9RgLrsT+DjWY/nty1Hi7v3dtkaEYbPYe0mUoOfzRrMwfXXwgPUA=="
    }
  }
}
